// !$*UTF8*$!
{
	archiveVersion = 1;
	classes = {
	};
	objectVersion = 46;
	objects = {

/* Begin PBXBuildFile section */
		66429F7018248AC700402227 /* Foundation.framework in Frameworks */ = {isa = PBXBuildFile; fileRef = 66429F6F18248AC700402227 /* Foundation.framework */; };
		66429F7218248AC700402227 /* CoreGraphics.framework in Frameworks */ = {isa = PBXBuildFile; fileRef = 66429F7118248AC700402227 /* CoreGraphics.framework */; };
		66429F7418248AC700402227 /* UIKit.framework in Frameworks */ = {isa = PBXBuildFile; fileRef = 66429F7318248AC700402227 /* UIKit.framework */; };
		66429F7A18248AC700402227 /* InfoPlist.strings in Resources */ = {isa = PBXBuildFile; fileRef = 66429F7818248AC700402227 /* InfoPlist.strings */; };
		66429F7C18248AC700402227 /* main.m in Sources */ = {isa = PBXBuildFile; fileRef = 66429F7B18248AC700402227 /* main.m */; };
		66429F8018248AC700402227 /* AppDelegate.m in Sources */ = {isa = PBXBuildFile; fileRef = 66429F7F18248AC700402227 /* AppDelegate.m */; };
		66429F8318248AC700402227 /* Main.storyboard in Resources */ = {isa = PBXBuildFile; fileRef = 66429F8118248AC700402227 /* Main.storyboard */; };
		66429F8618248AC700402227 /* ViewController.m in Sources */ = {isa = PBXBuildFile; fileRef = 66429F8518248AC700402227 /* ViewController.m */; };
		66429F8818248AC700402227 /* Images.xcassets in Resources */ = {isa = PBXBuildFile; fileRef = 66429F8718248AC700402227 /* Images.xcassets */; };
		66429F8F18248AC700402227 /* XCTest.framework in Frameworks */ = {isa = PBXBuildFile; fileRef = 66429F8E18248AC700402227 /* XCTest.framework */; };
		66429F9018248AC700402227 /* Foundation.framework in Frameworks */ = {isa = PBXBuildFile; fileRef = 66429F6F18248AC700402227 /* Foundation.framework */; };
		66429F9118248AC700402227 /* UIKit.framework in Frameworks */ = {isa = PBXBuildFile; fileRef = 66429F7318248AC700402227 /* UIKit.framework */; };
		66429F9918248AC700402227 /* InfoPlist.strings in Resources */ = {isa = PBXBuildFile; fileRef = 66429F9718248AC700402227 /* InfoPlist.strings */; };
		66429F9B18248AC700402227 /* Day10_02Tests.m in Sources */ = {isa = PBXBuildFile; fileRef = 66429F9A18248AC700402227 /* Day10_02Tests.m */; };
		66429FA818248B0600402227 /* City.m in Sources */ = {isa = PBXBuildFile; fileRef = 66429FA518248B0600402227 /* City.m */; };
		66429FA918248B0600402227 /* Walker.m in Sources */ = {isa = PBXBuildFile; fileRef = 66429FA718248B0600402227 /* Walker.m */; };
		66429FB41824942E00402227 /* walking-1.gif in Resources */ = {isa = PBXBuildFile; fileRef = 66429FAC1824942E00402227 /* walking-1.gif */; };
		66429FB51824942E00402227 /* walking-2.gif in Resources */ = {isa = PBXBuildFile; fileRef = 66429FAD1824942E00402227 /* walking-2.gif */; };
		66429FB61824942E00402227 /* walking-3.gif in Resources */ = {isa = PBXBuildFile; fileRef = 66429FAE1824942E00402227 /* walking-3.gif */; };
		66429FB71824942E00402227 /* walking-4.gif in Resources */ = {isa = PBXBuildFile; fileRef = 66429FAF1824942E00402227 /* walking-4.gif */; };
		66429FB81824942E00402227 /* walking-5.gif in Resources */ = {isa = PBXBuildFile; fileRef = 66429FB01824942E00402227 /* walking-5.gif */; };
		66429FB91824942E00402227 /* walking-6.gif in Resources */ = {isa = PBXBuildFile; fileRef = 66429FB11824942E00402227 /* walking-6.gif */; };
		66429FBA1824942E00402227 /* walking-7.gif in Resources */ = {isa = PBXBuildFile; fileRef = 66429FB21824942E00402227 /* walking-7.gif */; };
		66429FBB1824942E00402227 /* walking-8.gif in Resources */ = {isa = PBXBuildFile; fileRef = 66429FB31824942E00402227 /* walking-8.gif */; };
		66429FC01824AA1700402227 /* city-1.png in Resources */ = {isa = PBXBuildFile; fileRef = 66429FBD1824AA1700402227 /* city-1.png */; };
		66429FC11824AA1700402227 /* city-2.png in Resources */ = {isa = PBXBuildFile; fileRef = 66429FBE1824AA1700402227 /* city-2.png */; };
		66429FC61824B96C00402227 /* bomb.gif in Resources */ = {isa = PBXBuildFile; fileRef = 66429FC51824B96C00402227 /* bomb.gif */; };
/* End PBXBuildFile section */

/* Begin PBXContainerItemProxy section */
		66429F9218248AC700402227 /* PBXContainerItemProxy */ = {
			isa = PBXContainerItemProxy;
			containerPortal = 66429F6418248AC600402227 /* Project object */;
			proxyType = 1;
			remoteGlobalIDString = 66429F6B18248AC700402227;
			remoteInfo = Day10_02;
		};
/* End PBXContainerItemProxy section */

/* Begin PBXFileReference section */
		66429F6C18248AC700402227 /* Day10_02.app */ = {isa = PBXFileReference; explicitFileType = wrapper.application; includeInIndex = 0; path = Day10_02.app; sourceTree = BUILT_PRODUCTS_DIR; };
		66429F6F18248AC700402227 /* Foundation.framework */ = {isa = PBXFileReference; lastKnownFileType = wrapper.framework; name = Foundation.framework; path = System/Library/Frameworks/Foundation.framework; sourceTree = SDKROOT; };
		66429F7118248AC700402227 /* CoreGraphics.framework */ = {isa = PBXFileReference; lastKnownFileType = wrapper.framework; name = CoreGraphics.framework; path = System/Library/Frameworks/CoreGraphics.framework; sourceTree = SDKROOT; };
		66429F7318248AC700402227 /* UIKit.framework */ = {isa = PBXFileReference; lastKnownFileType = wrapper.framework; name = UIKit.framework; path = System/Library/Frameworks/UIKit.framework; sourceTree = SDKROOT; };
		66429F7718248AC700402227 /* Day10_02-Info.plist */ = {isa = PBXFileReference; lastKnownFileType = text.plist.xml; path = "Day10_02-Info.plist"; sourceTree = "<group>"; };
		66429F7918248AC700402227 /* en */ = {isa = PBXFileReference; lastKnownFileType = text.plist.strings; name = en; path = en.lproj/InfoPlist.strings; sourceTree = "<group>"; };
		66429F7B18248AC700402227 /* main.m */ = {isa = PBXFileReference; lastKnownFileType = sourcecode.c.objc; path = main.m; sourceTree = "<group>"; };
		66429F7D18248AC700402227 /* Day10_02-Prefix.pch */ = {isa = PBXFileReference; lastKnownFileType = sourcecode.c.h; path = "Day10_02-Prefix.pch"; sourceTree = "<group>"; };
		66429F7E18248AC700402227 /* AppDelegate.h */ = {isa = PBXFileReference; lastKnownFileType = sourcecode.c.h; path = AppDelegate.h; sourceTree = "<group>"; };
		66429F7F18248AC700402227 /* AppDelegate.m */ = {isa = PBXFileReference; lastKnownFileType = sourcecode.c.objc; path = AppDelegate.m; sourceTree = "<group>"; };
		66429F8218248AC700402227 /* Base */ = {isa = PBXFileReference; lastKnownFileType = file.storyboard; name = Base; path = Base.lproj/Main.storyboard; sourceTree = "<group>"; };
		66429F8418248AC700402227 /* ViewController.h */ = {isa = PBXFileReference; lastKnownFileType = sourcecode.c.h; path = ViewController.h; sourceTree = "<group>"; };
		66429F8518248AC700402227 /* ViewController.m */ = {isa = PBXFileReference; lastKnownFileType = sourcecode.c.objc; path = ViewController.m; sourceTree = "<group>"; };
		66429F8718248AC700402227 /* Images.xcassets */ = {isa = PBXFileReference; lastKnownFileType = folder.assetcatalog; path = Images.xcassets; sourceTree = "<group>"; };
		66429F8D18248AC700402227 /* Day10_02Tests.xctest */ = {isa = PBXFileReference; explicitFileType = wrapper.cfbundle; includeInIndex = 0; path = Day10_02Tests.xctest; sourceTree = BUILT_PRODUCTS_DIR; };
		66429F8E18248AC700402227 /* XCTest.framework */ = {isa = PBXFileReference; lastKnownFileType = wrapper.framework; name = XCTest.framework; path = Library/Frameworks/XCTest.framework; sourceTree = DEVELOPER_DIR; };
		66429F9618248AC700402227 /* Day10_02Tests-Info.plist */ = {isa = PBXFileReference; lastKnownFileType = text.plist.xml; path = "Day10_02Tests-Info.plist"; sourceTree = "<group>"; };
		66429F9818248AC700402227 /* en */ = {isa = PBXFileReference; lastKnownFileType = text.plist.strings; name = en; path = en.lproj/InfoPlist.strings; sourceTree = "<group>"; };
		66429F9A18248AC700402227 /* Day10_02Tests.m */ = {isa = PBXFileReference; lastKnownFileType = sourcecode.c.objc; path = Day10_02Tests.m; sourceTree = "<group>"; };
		66429FA418248B0600402227 /* City.h */ = {isa = PBXFileReference; fileEncoding = 4; lastKnownFileType = sourcecode.c.h; path = City.h; sourceTree = "<group>"; };
		66429FA518248B0600402227 /* City.m */ = {isa = PBXFileReference; fileEncoding = 4; lastKnownFileType = sourcecode.c.objc; path = City.m; sourceTree = "<group>"; };
		66429FA618248B0600402227 /* Walker.h */ = {isa = PBXFileReference; fileEncoding = 4; lastKnownFileType = sourcecode.c.h; path = Walker.h; sourceTree = "<group>"; };
		66429FA718248B0600402227 /* Walker.m */ = {isa = PBXFileReference; fileEncoding = 4; lastKnownFileType = sourcecode.c.objc; path = Walker.m; sourceTree = "<group>"; };
		66429FAC1824942E00402227 /* walking-1.gif */ = {isa = PBXFileReference; lastKnownFileType = image.gif; path = "walking-1.gif"; sourceTree = "<group>"; };
		66429FAD1824942E00402227 /* walking-2.gif */ = {isa = PBXFileReference; lastKnownFileType = image.gif; path = "walking-2.gif"; sourceTree = "<group>"; };
		66429FAE1824942E00402227 /* walking-3.gif */ = {isa = PBXFileReference; lastKnownFileType = image.gif; path = "walking-3.gif"; sourceTree = "<group>"; };
		66429FAF1824942E00402227 /* walking-4.gif */ = {isa = PBXFileReference; lastKnownFileType = image.gif; path = "walking-4.gif"; sourceTree = "<group>"; };
		66429FB01824942E00402227 /* walking-5.gif */ = {isa = PBXFileReference; lastKnownFileType = image.gif; path = "walking-5.gif"; sourceTree = "<group>"; };
		66429FB11824942E00402227 /* walking-6.gif */ = {isa = PBXFileReference; lastKnownFileType = image.gif; path = "walking-6.gif"; sourceTree = "<group>"; };
		66429FB21824942E00402227 /* walking-7.gif */ = {isa = PBXFileReference; lastKnownFileType = image.gif; path = "walking-7.gif"; sourceTree = "<group>"; };
		66429FB31824942E00402227 /* walking-8.gif */ = {isa = PBXFileReference; lastKnownFileType = image.gif; path = "walking-8.gif"; sourceTree = "<group>"; };
		66429FBD1824AA1700402227 /* city-1.png */ = {isa = PBXFileReference; lastKnownFileType = image.png; path = "city-1.png"; sourceTree = "<group>"; };
		66429FBE1824AA1700402227 /* city-2.png */ = {isa = PBXFileReference; lastKnownFileType = image.png; path = "city-2.png"; sourceTree = "<group>"; };
		66429FC51824B96C00402227 /* bomb.gif */ = {isa = PBXFileReference; lastKnownFileType = image.gif; path = bomb.gif; sourceTree = "<group>"; };
/* End PBXFileReference section */

/* Begin PBXFrameworksBuildPhase section */
		66429F6918248AC700402227 /* Frameworks */ = {
			isa = PBXFrameworksBuildPhase;
			buildActionMask = 2147483647;
			files = (
				66429F7218248AC700402227 /* CoreGraphics.framework in Frameworks */,
				66429F7418248AC700402227 /* UIKit.framework in Frameworks */,
				66429F7018248AC700402227 /* Foundation.framework in Frameworks */,
			);
			runOnlyForDeploymentPostprocessing = 0;
		};
		66429F8A18248AC700402227 /* Frameworks */ = {
			isa = PBXFrameworksBuildPhase;
			buildActionMask = 2147483647;
			files = (
				66429F8F18248AC700402227 /* XCTest.framework in Frameworks */,
				66429F9118248AC700402227 /* UIKit.framework in Frameworks */,
				66429F9018248AC700402227 /* Foundation.framework in Frameworks */,
			);
			runOnlyForDeploymentPostprocessing = 0;
		};
/* End PBXFrameworksBuildPhase section */

/* Begin PBXGroup section */
		66429F6318248AC600402227 = {
			isa = PBXGroup;
			children = (
				66429F7518248AC700402227 /* Day10_02 */,
				66429F9418248AC700402227 /* Day10_02Tests */,
				66429F6E18248AC700402227 /* Frameworks */,
				66429F6D18248AC700402227 /* Products */,
			);
			sourceTree = "<group>";
		};
		66429F6D18248AC700402227 /* Products */ = {
			isa = PBXGroup;
			children = (
				66429F6C18248AC700402227 /* Day10_02.app */,
				66429F8D18248AC700402227 /* Day10_02Tests.xctest */,
			);
			name = Products;
			sourceTree = "<group>";
		};
		66429F6E18248AC700402227 /* Frameworks */ = {
			isa = PBXGroup;
			children = (
				66429F6F18248AC700402227 /* Foundation.framework */,
				66429F7118248AC700402227 /* CoreGraphics.framework */,
				66429F7318248AC700402227 /* UIKit.framework */,
				66429F8E18248AC700402227 /* XCTest.framework */,
			);
			name = Frameworks;
			sourceTree = "<group>";
		};
		66429F7518248AC700402227 /* Day10_02 */ = {
			isa = PBXGroup;
			children = (
				66429FC51824B96C00402227 /* bomb.gif */,
				66429FBC18249CD300402227 /* City */,
				66429FAA18248B2300402227 /* Walker */,
				66429F7E18248AC700402227 /* AppDelegate.h */,
				66429F7F18248AC700402227 /* AppDelegate.m */,
				66429F8118248AC700402227 /* Main.storyboard */,
				66429F8418248AC700402227 /* ViewController.h */,
				66429F8518248AC700402227 /* ViewController.m */,
				66429F8718248AC700402227 /* Images.xcassets */,
				66429F7618248AC700402227 /* Supporting Files */,
			);
			path = Day10_02;
			sourceTree = "<group>";
		};
		66429F7618248AC700402227 /* Supporting Files */ = {
			isa = PBXGroup;
			children = (
				66429F7718248AC700402227 /* Day10_02-Info.plist */,
				66429F7818248AC700402227 /* InfoPlist.strings */,
				66429F7B18248AC700402227 /* main.m */,
				66429F7D18248AC700402227 /* Day10_02-Prefix.pch */,
			);
			name = "Supporting Files";
			sourceTree = "<group>";
		};
		66429F9418248AC700402227 /* Day10_02Tests */ = {
			isa = PBXGroup;
			children = (
				66429F9A18248AC700402227 /* Day10_02Tests.m */,
				66429F9518248AC700402227 /* Supporting Files */,
			);
			path = Day10_02Tests;
			sourceTree = "<group>";
		};
		66429F9518248AC700402227 /* Supporting Files */ = {
			isa = PBXGroup;
			children = (
				66429F9618248AC700402227 /* Day10_02Tests-Info.plist */,
				66429F9718248AC700402227 /* InfoPlist.strings */,
			);
			name = "Supporting Files";
			sourceTree = "<group>";
		};
		66429FAA18248B2300402227 /* Walker */ = {
			isa = PBXGroup;
			children = (
				66429FAC1824942E00402227 /* walking-1.gif */,
				66429FAD1824942E00402227 /* walking-2.gif */,
				66429FAE1824942E00402227 /* walking-3.gif */,
				66429FAF1824942E00402227 /* walking-4.gif */,
				66429FB01824942E00402227 /* walking-5.gif */,
				66429FB11824942E00402227 /* walking-6.gif */,
				66429FB21824942E00402227 /* walking-7.gif */,
				66429FB31824942E00402227 /* walking-8.gif */,
				66429FA618248B0600402227 /* Walker.h */,
				66429FA718248B0600402227 /* Walker.m */,
			);
			name = Walker;
			sourceTree = "<group>";
		};
		66429FBC18249CD300402227 /* City */ = {
			isa = PBXGroup;
			children = (
				66429FBD1824AA1700402227 /* city-1.png */,
				66429FBE1824AA1700402227 /* city-2.png */,
				66429FA418248B0600402227 /* City.h */,
				66429FA518248B0600402227 /* City.m */,
			);
			name = City;
			sourceTree = "<group>";
		};
/* End PBXGroup section */

/* Begin PBXNativeTarget section */
		66429F6B18248AC700402227 /* Day10_02 */ = {
			isa = PBXNativeTarget;
			buildConfigurationList = 66429F9E18248AC700402227 /* Build configuration list for PBXNativeTarget "Day10_02" */;
			buildPhases = (
				66429F6818248AC700402227 /* Sources */,
				66429F6918248AC700402227 /* Frameworks */,
				66429F6A18248AC700402227 /* Resources */,
			);
			buildRules = (
			);
			dependencies = (
			);
			name = Day10_02;
			productName = Day10_02;
			productReference = 66429F6C18248AC700402227 /* Day10_02.app */;
			productType = "com.apple.product-type.application";
		};
		66429F8C18248AC700402227 /* Day10_02Tests */ = {
			isa = PBXNativeTarget;
			buildConfigurationList = 66429FA118248AC700402227 /* Build configuration list for PBXNativeTarget "Day10_02Tests" */;
			buildPhases = (
				66429F8918248AC700402227 /* Sources */,
				66429F8A18248AC700402227 /* Frameworks */,
				66429F8B18248AC700402227 /* Resources */,
			);
			buildRules = (
			);
			dependencies = (
				66429F9318248AC700402227 /* PBXTargetDependency */,
			);
			name = Day10_02Tests;
			productName = Day10_02Tests;
			productReference = 66429F8D18248AC700402227 /* Day10_02Tests.xctest */;
			productType = "com.apple.product-type.bundle.unit-test";
		};
/* End PBXNativeTarget section */

/* Begin PBXProject section */
		66429F6418248AC600402227 /* Project object */ = {
			isa = PBXProject;
			attributes = {
				LastUpgradeCheck = 0500;
				ORGANIZATIONNAME = MAC;
				TargetAttributes = {
					66429F8C18248AC700402227 = {
						TestTargetID = 66429F6B18248AC700402227;
					};
				};
			};
			buildConfigurationList = 66429F6718248AC600402227 /* Build configuration list for PBXProject "Day10_02" */;
			compatibilityVersion = "Xcode 3.2";
			developmentRegion = English;
			hasScannedForEncodings = 0;
			knownRegions = (
				en,
				Base,
			);
			mainGroup = 66429F6318248AC600402227;
			productRefGroup = 66429F6D18248AC700402227 /* Products */;
			projectDirPath = "";
			projectRoot = "";
			targets = (
				66429F6B18248AC700402227 /* Day10_02 */,
				66429F8C18248AC700402227 /* Day10_02Tests */,
			);
		};
/* End PBXProject section */

/* Begin PBXResourcesBuildPhase section */
		66429F6A18248AC700402227 /* Resources */ = {
			isa = PBXResourcesBuildPhase;
			buildActionMask = 2147483647;
			files = (
				66429FC11824AA1700402227 /* city-2.png in Resources */,
				66429FBA1824942E00402227 /* walking-7.gif in Resources */,
				66429FB81824942E00402227 /* walking-5.gif in Resources */,
				66429FB71824942E00402227 /* walking-4.gif in Resources */,
				66429FB51824942E00402227 /* walking-2.gif in Resources */,
				66429FC01824AA1700402227 /* city-1.png in Resources */,
				66429FC61824B96C00402227 /* bomb.gif in Resources */,
				66429FB41824942E00402227 /* walking-1.gif in Resources */,
				66429FB91824942E00402227 /* walking-6.gif in Resources */,
				66429F8818248AC700402227 /* Images.xcassets in Resources */,
				66429FBB1824942E00402227 /* walking-8.gif in Resources */,
				66429F7A18248AC700402227 /* InfoPlist.strings in Resources */,
				66429FB61824942E00402227 /* walking-3.gif in Resources */,
				66429F8318248AC700402227 /* Main.storyboard in Resources */,
			);
			runOnlyForDeploymentPostprocessing = 0;
		};
		66429F8B18248AC700402227 /* Resources */ = {
			isa = PBXResourcesBuildPhase;
			buildActionMask = 2147483647;
			files = (
				66429F9918248AC700402227 /* InfoPlist.strings in Resources */,
			);
			runOnlyForDeploymentPostprocessing = 0;
		};
/* End PBXResourcesBuildPhase section */

/* Begin PBXSourcesBuildPhase section */
		66429F6818248AC700402227 /* Sources */ = {
			isa = PBXSourcesBuildPhase;
			buildActionMask = 2147483647;
			files = (
				66429F8618248AC700402227 /* ViewController.m in Sources */,
				66429F8018248AC700402227 /* AppDelegate.m in Sources */,
				66429FA818248B0600402227 /* City.m in Sources */,
				66429F7C18248AC700402227 /* main.m in Sources */,
				66429FA918248B0600402227 /* Walker.m in Sources */,
			);
			runOnlyForDeploymentPostprocessing = 0;
		};
		66429F8918248AC700402227 /* Sources */ = {
			isa = PBXSourcesBuildPhase;
			buildActionMask = 2147483647;
			files = (
				66429F9B18248AC700402227 /* Day10_02Tests.m in Sources */,
			);
			runOnlyForDeploymentPostprocessing = 0;
		};
/* End PBXSourcesBuildPhase section */

/* Begin PBXTargetDependency section */
		66429F9318248AC700402227 /* PBXTargetDependency */ = {
			isa = PBXTargetDependency;
			target = 66429F6B18248AC700402227 /* Day10_02 */;
			targetProxy = 66429F9218248AC700402227 /* PBXContainerItemProxy */;
		};
/* End PBXTargetDependency section */

/* Begin PBXVariantGroup section */
		66429F7818248AC700402227 /* InfoPlist.strings */ = {
			isa = PBXVariantGroup;
			children = (
				66429F7918248AC700402227 /* en */,
			);
			name = InfoPlist.strings;
			sourceTree = "<group>";
		};
		66429F8118248AC700402227 /* Main.storyboard */ = {
			isa = PBXVariantGroup;
			children = (
				66429F8218248AC700402227 /* Base */,
			);
			name = Main.storyboard;
			sourceTree = "<group>";
		};
		66429F9718248AC700402227 /* InfoPlist.strings */ = {
			isa = PBXVariantGroup;
			children = (
				66429F9818248AC700402227 /* en */,
			);
			name = InfoPlist.strings;
			sourceTree = "<group>";
		};
/* End PBXVariantGroup section */

/* Begin XCBuildConfiguration section */
		66429F9C18248AC700402227 /* Debug */ = {
			isa = XCBuildConfiguration;
			buildSettings = {
				ALWAYS_SEARCH_USER_PATHS = NO;
				ARCHS = "$(ARCHS_STANDARD_INCLUDING_64_BIT)";
				CLANG_CXX_LANGUAGE_STANDARD = "gnu++0x";
				CLANG_CXX_LIBRARY = "libc++";
				CLANG_ENABLE_MODULES = YES;
				CLANG_ENABLE_OBJC_ARC = YES;
				CLANG_WARN_BOOL_CONVERSION = YES;
				CLANG_WARN_CONSTANT_CONVERSION = YES;
				CLANG_WARN_DIRECT_OBJC_ISA_USAGE = YES_ERROR;
				CLANG_WARN_EMPTY_BODY = YES;
				CLANG_WARN_ENUM_CONVERSION = YES;
				CLANG_WARN_INT_CONVERSION = YES;
				CLANG_WARN_OBJC_ROOT_CLASS = YES_ERROR;
				CLANG_WARN__DUPLICATE_METHOD_MATCH = YES;
				"CODE_SIGN_IDENTITY[sdk=iphoneos*]" = "iPhone Developer";
				COPY_PHASE_STRIP = NO;
				GCC_C_LANGUAGE_STANDARD = gnu99;
				GCC_DYNAMIC_NO_PIC = NO;
				GCC_OPTIMIZATION_LEVEL = 0;
				GCC_PREPROCESSOR_DEFINITIONS = (
					"DEBUG=1",
					"$(inherited)",
				);
				GCC_SYMBOLS_PRIVATE_EXTERN = NO;
				GCC_WARN_64_TO_32_BIT_CONVERSION = YES;
				GCC_WARN_ABOUT_RETURN_TYPE = YES_ERROR;
				GCC_WARN_UNDECLARED_SELECTOR = YES;
				GCC_WARN_UNINITIALIZED_AUTOS = YES;
				GCC_WARN_UNUSED_FUNCTION = YES;
				GCC_WARN_UNUSED_VARIABLE = YES;
				IPHONEOS_DEPLOYMENT_TARGET = 7.0;
				ONLY_ACTIVE_ARCH = YES;
				SDKROOT = iphoneos;
			};
			name = Debug;
		};
		66429F9D18248AC700402227 /* Release */ = {
			isa = XCBuildConfiguration;
			buildSettings = {
				ALWAYS_SEARCH_USER_PATHS = NO;
				ARCHS = "$(ARCHS_STANDARD_INCLUDING_64_BIT)";
				CLANG_CXX_LANGUAGE_STANDARD = "gnu++0x";
				CLANG_CXX_LIBRARY = "libc++";
				CLANG_ENABLE_MODULES = YES;
				CLANG_ENABLE_OBJC_ARC = YES;
				CLANG_WARN_BOOL_CONVERSION = YES;
				CLANG_WARN_CONSTANT_CONVERSION = YES;
				CLANG_WARN_DIRECT_OBJC_ISA_USAGE = YES_ERROR;
				CLANG_WARN_EMPTY_BODY = YES;
				CLANG_WARN_ENUM_CONVERSION = YES;
				CLANG_WARN_INT_CONVERSION = YES;
				CLANG_WARN_OBJC_ROOT_CLASS = YES_ERROR;
				CLANG_WARN__DUPLICATE_METHOD_MATCH = YES;
				"CODE_SIGN_IDENTITY[sdk=iphoneos*]" = "iPhone Developer";
				COPY_PHASE_STRIP = YES;
				ENABLE_NS_ASSERTIONS = NO;
				GCC_C_LANGUAGE_STANDARD = gnu99;
				GCC_WARN_64_TO_32_BIT_CONVERSION = YES;
				GCC_WARN_ABOUT_RETURN_TYPE = YES_ERROR;
				GCC_WARN_UNDECLARED_SELECTOR = YES;
				GCC_WARN_UNINITIALIZED_AUTOS = YES;
				GCC_WARN_UNUSED_FUNCTION = YES;
				GCC_WARN_UNUSED_VARIABLE = YES;
				IPHONEOS_DEPLOYMENT_TARGET = 7.0;
				SDKROOT = iphoneos;
				VALIDATE_PRODUCT = YES;
			};
			name = Release;
		};
		66429F9F18248AC700402227 /* Debug */ = {
			isa = XCBuildConfiguration;
			buildSettings = {
				ASSETCATALOG_COMPILER_APPICON_NAME = AppIcon;
				ASSETCATALOG_COMPILER_LAUNCHIMAGE_NAME = LaunchImage;
				GCC_PRECOMPILE_PREFIX_HEADER = YES;
				GCC_PREFIX_HEADER = "Day10_02/Day10_02-Prefix.pch";
				INFOPLIST_FILE = "Day10_02/Day10_02-Info.plist";
				PRODUCT_NAME = "$(TARGET_NAME)";
				WRAPPER_EXTENSION = app;
			};
			name = Debug;
		};
		66429FA018248AC700402227 /* Release */ = {
			isa = XCBuildConfiguration;
			buildSettings = {
				ASSETCATALOG_COMPILER_APPICON_NAME = AppIcon;
				ASSETCATALOG_COMPILER_LAUNCHIMAGE_NAME = LaunchImage;
				GCC_PRECOMPILE_PREFIX_HEADER = YES;
				GCC_PREFIX_HEADER = "Day10_02/Day10_02-Prefix.pch";
				INFOPLIST_FILE = "Day10_02/Day10_02-Info.plist";
				PRODUCT_NAME = "$(TARGET_NAME)";
				WRAPPER_EXTENSION = app;
			};
			name = Release;
		};
		66429FA218248AC700402227 /* Debug */ = {
			isa = XCBuildConfiguration;
			buildSettings = {
				ARCHS = "$(ARCHS_STANDARD_INCLUDING_64_BIT)";
				BUNDLE_LOADER = "$(BUILT_PRODUCTS_DIR)/Day10_02.app/Day10_02";
				FRAMEWORK_SEARCH_PATHS = (
					"$(SDKROOT)/Developer/Library/Frameworks",
					"$(inherited)",
					"$(DEVELOPER_FRAMEWORKS_DIR)",
				);
				GCC_PRECOMPILE_PREFIX_HEADER = YES;
				GCC_PREFIX_HEADER = "Day10_02/Day10_02-Prefix.pch";
				GCC_PREPROCESSOR_DEFINITIONS = (
					"DEBUG=1",
					"$(inherited)",
				);
				INFOPLIST_FILE = "Day10_02Tests/Day10_02Tests-Info.plist";
				PRODUCT_NAME = "$(TARGET_NAME)";
				TEST_HOST = "$(BUNDLE_LOADER)";
				WRAPPER_EXTENSION = xctest;
			};
			name = Debug;
		};
		66429FA318248AC700402227 /* Release */ = {
			isa = XCBuildConfiguration;
			buildSettings = {
				ARCHS = "$(ARCHS_STANDARD_INCLUDING_64_BIT)";
				BUNDLE_LOADER = "$(BUILT_PRODUCTS_DIR)/Day10_02.app/Day10_02";
				FRAMEWORK_SEARCH_PATHS = (
					"$(SDKROOT)/Developer/Library/Frameworks",
					"$(inherited)",
					"$(DEVELOPER_FRAMEWORKS_DIR)",
				);
				GCC_PRECOMPILE_PREFIX_HEADER = YES;
				GCC_PREFIX_HEADER = "Day10_02/Day10_02-Prefix.pch";
				INFOPLIST_FILE = "Day10_02Tests/Day10_02Tests-Info.plist";
				PRODUCT_NAME = "$(TARGET_NAME)";
				TEST_HOST = "$(BUNDLE_LOADER)";
				WRAPPER_EXTENSION = xctest;
			};
			name = Release;
		};
/* End XCBuildConfiguration section */

/* Begin XCConfigurationList section */
		66429F6718248AC600402227 /* Build configuration list for PBXProject "Day10_02" */ = {
			isa = XCConfigurationList;
			buildConfigurations = (
				66429F9C18248AC700402227 /* Debug */,
				66429F9D18248AC700402227 /* Release */,
			);
			defaultConfigurationIsVisible = 0;
			defaultConfigurationName = Release;
		};
		66429F9E18248AC700402227 /* Build configuration list for PBXNativeTarget "Day10_02" */ = {
			isa = XCConfigurationList;
			buildConfigurations = (
				66429F9F18248AC700402227 /* Debug */,
				66429FA018248AC700402227 /* Release */,
			);
			defaultConfigurationIsVisible = 0;
			defaultConfigurationName = Release;
		};
		66429FA118248AC700402227 /* Build configuration list for PBXNativeTarget "Day10_02Tests" */ = {
			isa = XCConfigurationList;
			buildConfigurations = (
				66429FA218248AC700402227 /* Debug */,
				66429FA318248AC700402227 /* Release */,
			);
			defaultConfigurationIsVisible = 0;
			defaultConfigurationName = Release;
		};
/* End XCConfigurationList section */
	};
	rootObject = 66429F6418248AC600402227 /* Project object */;
}
