// !$*UTF8*$!
{
	archiveVersion = 1;
	classes = {
	};
	objectVersion = 46;
	objects = {

/* Begin PBXBuildFile section */
		66DE6E4F182E86A500C44E79 /* Foundation.framework in Frameworks */ = {isa = PBXBuildFile; fileRef = 66DE6E4E182E86A500C44E79 /* Foundation.framework */; };
		66DE6E51182E86A500C44E79 /* CoreGraphics.framework in Frameworks */ = {isa = PBXBuildFile; fileRef = 66DE6E50182E86A500C44E79 /* CoreGraphics.framework */; };
		66DE6E53182E86A500C44E79 /* UIKit.framework in Frameworks */ = {isa = PBXBuildFile; fileRef = 66DE6E52182E86A500C44E79 /* UIKit.framework */; };
		66DE6E59182E86A500C44E79 /* InfoPlist.strings in Resources */ = {isa = PBXBuildFile; fileRef = 66DE6E57182E86A500C44E79 /* InfoPlist.strings */; };
		66DE6E5B182E86A500C44E79 /* main.m in Sources */ = {isa = PBXBuildFile; fileRef = 66DE6E5A182E86A500C44E79 /* main.m */; };
		66DE6E5F182E86A500C44E79 /* AppDelegate.m in Sources */ = {isa = PBXBuildFile; fileRef = 66DE6E5E182E86A500C44E79 /* AppDelegate.m */; };
		66DE6E62182E86A500C44E79 /* Main.storyboard in Resources */ = {isa = PBXBuildFile; fileRef = 66DE6E60182E86A500C44E79 /* Main.storyboard */; };
		66DE6E65182E86A600C44E79 /* ViewController.m in Sources */ = {isa = PBXBuildFile; fileRef = 66DE6E64182E86A600C44E79 /* ViewController.m */; };
		66DE6E67182E86A600C44E79 /* Images.xcassets in Resources */ = {isa = PBXBuildFile; fileRef = 66DE6E66182E86A600C44E79 /* Images.xcassets */; };
		66DE6E6E182E86A600C44E79 /* XCTest.framework in Frameworks */ = {isa = PBXBuildFile; fileRef = 66DE6E6D182E86A600C44E79 /* XCTest.framework */; };
		66DE6E6F182E86A600C44E79 /* Foundation.framework in Frameworks */ = {isa = PBXBuildFile; fileRef = 66DE6E4E182E86A500C44E79 /* Foundation.framework */; };
		66DE6E70182E86A600C44E79 /* UIKit.framework in Frameworks */ = {isa = PBXBuildFile; fileRef = 66DE6E52182E86A500C44E79 /* UIKit.framework */; };
		66DE6E78182E86A600C44E79 /* InfoPlist.strings in Resources */ = {isa = PBXBuildFile; fileRef = 66DE6E76182E86A600C44E79 /* InfoPlist.strings */; };
		66DE6E7A182E86A600C44E79 /* Day13Tests.m in Sources */ = {isa = PBXBuildFile; fileRef = 66DE6E79182E86A600C44E79 /* Day13Tests.m */; };
		66DE6E8E182E914500C44E79 /* Ratman 1-01.jpg in Resources */ = {isa = PBXBuildFile; fileRef = 66DE6E85182E914500C44E79 /* Ratman 1-01.jpg */; };
		66DE6E8F182E914500C44E79 /* Ratman 1-03.jpg in Resources */ = {isa = PBXBuildFile; fileRef = 66DE6E86182E914500C44E79 /* Ratman 1-03.jpg */; };
		66DE6E90182E914500C44E79 /* Ratman 1-04.jpg in Resources */ = {isa = PBXBuildFile; fileRef = 66DE6E87182E914500C44E79 /* Ratman 1-04.jpg */; };
		66DE6E91182E914500C44E79 /* Ratman 1-05.jpg in Resources */ = {isa = PBXBuildFile; fileRef = 66DE6E88182E914500C44E79 /* Ratman 1-05.jpg */; };
		66DE6E92182E914500C44E79 /* Ratman 1-06.jpg in Resources */ = {isa = PBXBuildFile; fileRef = 66DE6E89182E914500C44E79 /* Ratman 1-06.jpg */; };
		66DE6E93182E914500C44E79 /* Ratman 1-07.jpg in Resources */ = {isa = PBXBuildFile; fileRef = 66DE6E8A182E914500C44E79 /* Ratman 1-07.jpg */; };
		66DE6E94182E914500C44E79 /* Ratman 1-08.jpg in Resources */ = {isa = PBXBuildFile; fileRef = 66DE6E8B182E914500C44E79 /* Ratman 1-08.jpg */; };
		66DE6E95182E914500C44E79 /* Ratman 1-09.jpg in Resources */ = {isa = PBXBuildFile; fileRef = 66DE6E8C182E914500C44E79 /* Ratman 1-09.jpg */; };
		66DE6EA1182E9AB500C44E79 /* Ratman 2-01.jpg in Resources */ = {isa = PBXBuildFile; fileRef = 66DE6E98182E9AB500C44E79 /* Ratman 2-01.jpg */; };
		66DE6EA2182E9AB500C44E79 /* Ratman 2-02.jpg in Resources */ = {isa = PBXBuildFile; fileRef = 66DE6E99182E9AB500C44E79 /* Ratman 2-02.jpg */; };
		66DE6EA3182E9AB500C44E79 /* Ratman 2-03.jpg in Resources */ = {isa = PBXBuildFile; fileRef = 66DE6E9A182E9AB500C44E79 /* Ratman 2-03.jpg */; };
		66DE6EA4182E9AB500C44E79 /* Ratman 2-04.jpg in Resources */ = {isa = PBXBuildFile; fileRef = 66DE6E9B182E9AB500C44E79 /* Ratman 2-04.jpg */; };
		66DE6EA5182E9AB500C44E79 /* Ratman 2-05.jpg in Resources */ = {isa = PBXBuildFile; fileRef = 66DE6E9C182E9AB500C44E79 /* Ratman 2-05.jpg */; };
		66DE6EA6182E9AB500C44E79 /* Ratman 2-06.jpg in Resources */ = {isa = PBXBuildFile; fileRef = 66DE6E9D182E9AB500C44E79 /* Ratman 2-06.jpg */; };
		66DE6EA7182E9AB500C44E79 /* Ratman 2-07.jpg in Resources */ = {isa = PBXBuildFile; fileRef = 66DE6E9E182E9AB500C44E79 /* Ratman 2-07.jpg */; };
		66DE6EA8182E9AB500C44E79 /* Ratman 2-08.jpg in Resources */ = {isa = PBXBuildFile; fileRef = 66DE6E9F182E9AB500C44E79 /* Ratman 2-08.jpg */; };
		66DE6EA9182E9AB500C44E79 /* Ratman 2-09.jpg in Resources */ = {isa = PBXBuildFile; fileRef = 66DE6EA0182E9AB500C44E79 /* Ratman 2-09.jpg */; };
		66DE6EAB182E9BFA00C44E79 /* Ratman 1-02.jpg in Resources */ = {isa = PBXBuildFile; fileRef = 66DE6EAA182E9BFA00C44E79 /* Ratman 1-02.jpg */; };
/* End PBXBuildFile section */

/* Begin PBXContainerItemProxy section */
		66DE6E71182E86A600C44E79 /* PBXContainerItemProxy */ = {
			isa = PBXContainerItemProxy;
			containerPortal = 66DE6E43182E86A500C44E79 /* Project object */;
			proxyType = 1;
			remoteGlobalIDString = 66DE6E4A182E86A500C44E79;
			remoteInfo = Day13;
		};
/* End PBXContainerItemProxy section */

/* Begin PBXFileReference section */
		66DE6E4B182E86A500C44E79 /* Day13.app */ = {isa = PBXFileReference; explicitFileType = wrapper.application; includeInIndex = 0; path = Day13.app; sourceTree = BUILT_PRODUCTS_DIR; };
		66DE6E4E182E86A500C44E79 /* Foundation.framework */ = {isa = PBXFileReference; lastKnownFileType = wrapper.framework; name = Foundation.framework; path = System/Library/Frameworks/Foundation.framework; sourceTree = SDKROOT; };
		66DE6E50182E86A500C44E79 /* CoreGraphics.framework */ = {isa = PBXFileReference; lastKnownFileType = wrapper.framework; name = CoreGraphics.framework; path = System/Library/Frameworks/CoreGraphics.framework; sourceTree = SDKROOT; };
		66DE6E52182E86A500C44E79 /* UIKit.framework */ = {isa = PBXFileReference; lastKnownFileType = wrapper.framework; name = UIKit.framework; path = System/Library/Frameworks/UIKit.framework; sourceTree = SDKROOT; };
		66DE6E56182E86A500C44E79 /* Day13-Info.plist */ = {isa = PBXFileReference; lastKnownFileType = text.plist.xml; path = "Day13-Info.plist"; sourceTree = "<group>"; };
		66DE6E58182E86A500C44E79 /* en */ = {isa = PBXFileReference; lastKnownFileType = text.plist.strings; name = en; path = en.lproj/InfoPlist.strings; sourceTree = "<group>"; };
		66DE6E5A182E86A500C44E79 /* main.m */ = {isa = PBXFileReference; lastKnownFileType = sourcecode.c.objc; path = main.m; sourceTree = "<group>"; };
		66DE6E5C182E86A500C44E79 /* Day13-Prefix.pch */ = {isa = PBXFileReference; lastKnownFileType = sourcecode.c.h; path = "Day13-Prefix.pch"; sourceTree = "<group>"; };
		66DE6E5D182E86A500C44E79 /* AppDelegate.h */ = {isa = PBXFileReference; lastKnownFileType = sourcecode.c.h; path = AppDelegate.h; sourceTree = "<group>"; };
		66DE6E5E182E86A500C44E79 /* AppDelegate.m */ = {isa = PBXFileReference; lastKnownFileType = sourcecode.c.objc; path = AppDelegate.m; sourceTree = "<group>"; };
		66DE6E61182E86A500C44E79 /* Base */ = {isa = PBXFileReference; lastKnownFileType = file.storyboard; name = Base; path = Base.lproj/Main.storyboard; sourceTree = "<group>"; };
		66DE6E63182E86A500C44E79 /* ViewController.h */ = {isa = PBXFileReference; lastKnownFileType = sourcecode.c.h; path = ViewController.h; sourceTree = "<group>"; };
		66DE6E64182E86A600C44E79 /* ViewController.m */ = {isa = PBXFileReference; lastKnownFileType = sourcecode.c.objc; path = ViewController.m; sourceTree = "<group>"; };
		66DE6E66182E86A600C44E79 /* Images.xcassets */ = {isa = PBXFileReference; lastKnownFileType = folder.assetcatalog; path = Images.xcassets; sourceTree = "<group>"; };
		66DE6E6C182E86A600C44E79 /* Day13Tests.xctest */ = {isa = PBXFileReference; explicitFileType = wrapper.cfbundle; includeInIndex = 0; path = Day13Tests.xctest; sourceTree = BUILT_PRODUCTS_DIR; };
		66DE6E6D182E86A600C44E79 /* XCTest.framework */ = {isa = PBXFileReference; lastKnownFileType = wrapper.framework; name = XCTest.framework; path = Library/Frameworks/XCTest.framework; sourceTree = DEVELOPER_DIR; };
		66DE6E75182E86A600C44E79 /* Day13Tests-Info.plist */ = {isa = PBXFileReference; lastKnownFileType = text.plist.xml; path = "Day13Tests-Info.plist"; sourceTree = "<group>"; };
		66DE6E77182E86A600C44E79 /* en */ = {isa = PBXFileReference; lastKnownFileType = text.plist.strings; name = en; path = en.lproj/InfoPlist.strings; sourceTree = "<group>"; };
		66DE6E79182E86A600C44E79 /* Day13Tests.m */ = {isa = PBXFileReference; lastKnownFileType = sourcecode.c.objc; path = Day13Tests.m; sourceTree = "<group>"; };
		66DE6E85182E914500C44E79 /* Ratman 1-01.jpg */ = {isa = PBXFileReference; lastKnownFileType = image.jpeg; path = "Ratman 1-01.jpg"; sourceTree = "<group>"; };
		66DE6E86182E914500C44E79 /* Ratman 1-03.jpg */ = {isa = PBXFileReference; lastKnownFileType = image.jpeg; path = "Ratman 1-03.jpg"; sourceTree = "<group>"; };
		66DE6E87182E914500C44E79 /* Ratman 1-04.jpg */ = {isa = PBXFileReference; lastKnownFileType = image.jpeg; path = "Ratman 1-04.jpg"; sourceTree = "<group>"; };
		66DE6E88182E914500C44E79 /* Ratman 1-05.jpg */ = {isa = PBXFileReference; lastKnownFileType = image.jpeg; path = "Ratman 1-05.jpg"; sourceTree = "<group>"; };
		66DE6E89182E914500C44E79 /* Ratman 1-06.jpg */ = {isa = PBXFileReference; lastKnownFileType = image.jpeg; path = "Ratman 1-06.jpg"; sourceTree = "<group>"; };
		66DE6E8A182E914500C44E79 /* Ratman 1-07.jpg */ = {isa = PBXFileReference; lastKnownFileType = image.jpeg; path = "Ratman 1-07.jpg"; sourceTree = "<group>"; };
		66DE6E8B182E914500C44E79 /* Ratman 1-08.jpg */ = {isa = PBXFileReference; lastKnownFileType = image.jpeg; path = "Ratman 1-08.jpg"; sourceTree = "<group>"; };
		66DE6E8C182E914500C44E79 /* Ratman 1-09.jpg */ = {isa = PBXFileReference; lastKnownFileType = image.jpeg; path = "Ratman 1-09.jpg"; sourceTree = "<group>"; };
		66DE6E98182E9AB500C44E79 /* Ratman 2-01.jpg */ = {isa = PBXFileReference; lastKnownFileType = image.jpeg; path = "Ratman 2-01.jpg"; sourceTree = "<group>"; };
		66DE6E99182E9AB500C44E79 /* Ratman 2-02.jpg */ = {isa = PBXFileReference; lastKnownFileType = image.jpeg; path = "Ratman 2-02.jpg"; sourceTree = "<group>"; };
		66DE6E9A182E9AB500C44E79 /* Ratman 2-03.jpg */ = {isa = PBXFileReference; lastKnownFileType = image.jpeg; path = "Ratman 2-03.jpg"; sourceTree = "<group>"; };
		66DE6E9B182E9AB500C44E79 /* Ratman 2-04.jpg */ = {isa = PBXFileReference; lastKnownFileType = image.jpeg; path = "Ratman 2-04.jpg"; sourceTree = "<group>"; };
		66DE6E9C182E9AB500C44E79 /* Ratman 2-05.jpg */ = {isa = PBXFileReference; lastKnownFileType = image.jpeg; path = "Ratman 2-05.jpg"; sourceTree = "<group>"; };
		66DE6E9D182E9AB500C44E79 /* Ratman 2-06.jpg */ = {isa = PBXFileReference; lastKnownFileType = image.jpeg; path = "Ratman 2-06.jpg"; sourceTree = "<group>"; };
		66DE6E9E182E9AB500C44E79 /* Ratman 2-07.jpg */ = {isa = PBXFileReference; lastKnownFileType = image.jpeg; path = "Ratman 2-07.jpg"; sourceTree = "<group>"; };
		66DE6E9F182E9AB500C44E79 /* Ratman 2-08.jpg */ = {isa = PBXFileReference; lastKnownFileType = image.jpeg; path = "Ratman 2-08.jpg"; sourceTree = "<group>"; };
		66DE6EA0182E9AB500C44E79 /* Ratman 2-09.jpg */ = {isa = PBXFileReference; lastKnownFileType = image.jpeg; path = "Ratman 2-09.jpg"; sourceTree = "<group>"; };
		66DE6EAA182E9BFA00C44E79 /* Ratman 1-02.jpg */ = {isa = PBXFileReference; lastKnownFileType = image.jpeg; path = "Ratman 1-02.jpg"; sourceTree = "<group>"; };
/* End PBXFileReference section */

/* Begin PBXFrameworksBuildPhase section */
		66DE6E48182E86A500C44E79 /* Frameworks */ = {
			isa = PBXFrameworksBuildPhase;
			buildActionMask = 2147483647;
			files = (
				66DE6E51182E86A500C44E79 /* CoreGraphics.framework in Frameworks */,
				66DE6E53182E86A500C44E79 /* UIKit.framework in Frameworks */,
				66DE6E4F182E86A500C44E79 /* Foundation.framework in Frameworks */,
			);
			runOnlyForDeploymentPostprocessing = 0;
		};
		66DE6E69182E86A600C44E79 /* Frameworks */ = {
			isa = PBXFrameworksBuildPhase;
			buildActionMask = 2147483647;
			files = (
				66DE6E6E182E86A600C44E79 /* XCTest.framework in Frameworks */,
				66DE6E70182E86A600C44E79 /* UIKit.framework in Frameworks */,
				66DE6E6F182E86A600C44E79 /* Foundation.framework in Frameworks */,
			);
			runOnlyForDeploymentPostprocessing = 0;
		};
/* End PBXFrameworksBuildPhase section */

/* Begin PBXGroup section */
		66DE6E42182E86A500C44E79 = {
			isa = PBXGroup;
			children = (
				66DE6E54182E86A500C44E79 /* Day13 */,
				66DE6E73182E86A600C44E79 /* Day13Tests */,
				66DE6E4D182E86A500C44E79 /* Frameworks */,
				66DE6E4C182E86A500C44E79 /* Products */,
			);
			sourceTree = "<group>";
		};
		66DE6E4C182E86A500C44E79 /* Products */ = {
			isa = PBXGroup;
			children = (
				66DE6E4B182E86A500C44E79 /* Day13.app */,
				66DE6E6C182E86A600C44E79 /* Day13Tests.xctest */,
			);
			name = Products;
			sourceTree = "<group>";
		};
		66DE6E4D182E86A500C44E79 /* Frameworks */ = {
			isa = PBXGroup;
			children = (
				66DE6E4E182E86A500C44E79 /* Foundation.framework */,
				66DE6E50182E86A500C44E79 /* CoreGraphics.framework */,
				66DE6E52182E86A500C44E79 /* UIKit.framework */,
				66DE6E6D182E86A600C44E79 /* XCTest.framework */,
			);
			name = Frameworks;
			sourceTree = "<group>";
		};
		66DE6E54182E86A500C44E79 /* Day13 */ = {
			isa = PBXGroup;
			children = (
				66DE6EAC182EA2E700C44E79 /* Chapter03 */,
				66DE6E97182E9A8800C44E79 /* Chapter02 */,
				66DE6E84182E912500C44E79 /* Chapter01 */,
				66DE6E5D182E86A500C44E79 /* AppDelegate.h */,
				66DE6E5E182E86A500C44E79 /* AppDelegate.m */,
				66DE6E60182E86A500C44E79 /* Main.storyboard */,
				66DE6E63182E86A500C44E79 /* ViewController.h */,
				66DE6E64182E86A600C44E79 /* ViewController.m */,
				66DE6E66182E86A600C44E79 /* Images.xcassets */,
				66DE6E55182E86A500C44E79 /* Supporting Files */,
			);
			path = Day13;
			sourceTree = "<group>";
		};
		66DE6E55182E86A500C44E79 /* Supporting Files */ = {
			isa = PBXGroup;
			children = (
				66DE6E56182E86A500C44E79 /* Day13-Info.plist */,
				66DE6E57182E86A500C44E79 /* InfoPlist.strings */,
				66DE6E5A182E86A500C44E79 /* main.m */,
				66DE6E5C182E86A500C44E79 /* Day13-Prefix.pch */,
			);
			name = "Supporting Files";
			sourceTree = "<group>";
		};
		66DE6E73182E86A600C44E79 /* Day13Tests */ = {
			isa = PBXGroup;
			children = (
				66DE6E79182E86A600C44E79 /* Day13Tests.m */,
				66DE6E74182E86A600C44E79 /* Supporting Files */,
			);
			path = Day13Tests;
			sourceTree = "<group>";
		};
		66DE6E74182E86A600C44E79 /* Supporting Files */ = {
			isa = PBXGroup;
			children = (
				66DE6E75182E86A600C44E79 /* Day13Tests-Info.plist */,
				66DE6E76182E86A600C44E79 /* InfoPlist.strings */,
			);
			name = "Supporting Files";
			sourceTree = "<group>";
		};
		66DE6E84182E912500C44E79 /* Chapter01 */ = {
			isa = PBXGroup;
			children = (
				66DE6E85182E914500C44E79 /* Ratman 1-01.jpg */,
				66DE6EAA182E9BFA00C44E79 /* Ratman 1-02.jpg */,
				66DE6E86182E914500C44E79 /* Ratman 1-03.jpg */,
				66DE6E87182E914500C44E79 /* Ratman 1-04.jpg */,
				66DE6E88182E914500C44E79 /* Ratman 1-05.jpg */,
				66DE6E89182E914500C44E79 /* Ratman 1-06.jpg */,
				66DE6E8A182E914500C44E79 /* Ratman 1-07.jpg */,
				66DE6E8B182E914500C44E79 /* Ratman 1-08.jpg */,
				66DE6E8C182E914500C44E79 /* Ratman 1-09.jpg */,
			);
			name = Chapter01;
			sourceTree = "<group>";
		};
		66DE6E97182E9A8800C44E79 /* Chapter02 */ = {
			isa = PBXGroup;
			children = (
				66DE6E98182E9AB500C44E79 /* Ratman 2-01.jpg */,
				66DE6E99182E9AB500C44E79 /* Ratman 2-02.jpg */,
				66DE6E9A182E9AB500C44E79 /* Ratman 2-03.jpg */,
				66DE6E9B182E9AB500C44E79 /* Ratman 2-04.jpg */,
				66DE6E9C182E9AB500C44E79 /* Ratman 2-05.jpg */,
				66DE6E9D182E9AB500C44E79 /* Ratman 2-06.jpg */,
				66DE6E9E182E9AB500C44E79 /* Ratman 2-07.jpg */,
				66DE6E9F182E9AB500C44E79 /* Ratman 2-08.jpg */,
				66DE6EA0182E9AB500C44E79 /* Ratman 2-09.jpg */,
			);
			name = Chapter02;
			sourceTree = "<group>";
		};
		66DE6EAC182EA2E700C44E79 /* Chapter03 */ = {
			isa = PBXGroup;
			children = (
			);
			name = Chapter03;
			sourceTree = "<group>";
		};
/* End PBXGroup section */

/* Begin PBXNativeTarget section */
		66DE6E4A182E86A500C44E79 /* Day13 */ = {
			isa = PBXNativeTarget;
			buildConfigurationList = 66DE6E7D182E86A600C44E79 /* Build configuration list for PBXNativeTarget "Day13" */;
			buildPhases = (
				66DE6E47182E86A500C44E79 /* Sources */,
				66DE6E48182E86A500C44E79 /* Frameworks */,
				66DE6E49182E86A500C44E79 /* Resources */,
			);
			buildRules = (
			);
			dependencies = (
			);
			name = Day13;
			productName = Day13;
			productReference = 66DE6E4B182E86A500C44E79 /* Day13.app */;
			productType = "com.apple.product-type.application";
		};
		66DE6E6B182E86A600C44E79 /* Day13Tests */ = {
			isa = PBXNativeTarget;
			buildConfigurationList = 66DE6E80182E86A600C44E79 /* Build configuration list for PBXNativeTarget "Day13Tests" */;
			buildPhases = (
				66DE6E68182E86A600C44E79 /* Sources */,
				66DE6E69182E86A600C44E79 /* Frameworks */,
				66DE6E6A182E86A600C44E79 /* Resources */,
			);
			buildRules = (
			);
			dependencies = (
				66DE6E72182E86A600C44E79 /* PBXTargetDependency */,
			);
			name = Day13Tests;
			productName = Day13Tests;
			productReference = 66DE6E6C182E86A600C44E79 /* Day13Tests.xctest */;
			productType = "com.apple.product-type.bundle.unit-test";
		};
/* End PBXNativeTarget section */

/* Begin PBXProject section */
		66DE6E43182E86A500C44E79 /* Project object */ = {
			isa = PBXProject;
			attributes = {
				LastUpgradeCheck = 0500;
				ORGANIZATIONNAME = MAC;
				TargetAttributes = {
					66DE6E6B182E86A600C44E79 = {
						TestTargetID = 66DE6E4A182E86A500C44E79;
					};
				};
			};
			buildConfigurationList = 66DE6E46182E86A500C44E79 /* Build configuration list for PBXProject "Day13" */;
			compatibilityVersion = "Xcode 3.2";
			developmentRegion = English;
			hasScannedForEncodings = 0;
			knownRegions = (
				en,
				Base,
			);
			mainGroup = 66DE6E42182E86A500C44E79;
			productRefGroup = 66DE6E4C182E86A500C44E79 /* Products */;
			projectDirPath = "";
			projectRoot = "";
			targets = (
				66DE6E4A182E86A500C44E79 /* Day13 */,
				66DE6E6B182E86A600C44E79 /* Day13Tests */,
			);
		};
/* End PBXProject section */

/* Begin PBXResourcesBuildPhase section */
		66DE6E49182E86A500C44E79 /* Resources */ = {
			isa = PBXResourcesBuildPhase;
			buildActionMask = 2147483647;
			files = (
				66DE6EA8182E9AB500C44E79 /* Ratman 2-08.jpg in Resources */,
				66DE6EA3182E9AB500C44E79 /* Ratman 2-03.jpg in Resources */,
				66DE6E8E182E914500C44E79 /* Ratman 1-01.jpg in Resources */,
				66DE6E67182E86A600C44E79 /* Images.xcassets in Resources */,
				66DE6E8F182E914500C44E79 /* Ratman 1-03.jpg in Resources */,
				66DE6EAB182E9BFA00C44E79 /* Ratman 1-02.jpg in Resources */,
				66DE6EA5182E9AB500C44E79 /* Ratman 2-05.jpg in Resources */,
				66DE6EA4182E9AB500C44E79 /* Ratman 2-04.jpg in Resources */,
				66DE6E91182E914500C44E79 /* Ratman 1-05.jpg in Resources */,
				66DE6E59182E86A500C44E79 /* InfoPlist.strings in Resources */,
				66DE6E92182E914500C44E79 /* Ratman 1-06.jpg in Resources */,
				66DE6E62182E86A500C44E79 /* Main.storyboard in Resources */,
				66DE6EA7182E9AB500C44E79 /* Ratman 2-07.jpg in Resources */,
				66DE6EA9182E9AB500C44E79 /* Ratman 2-09.jpg in Resources */,
				66DE6E94182E914500C44E79 /* Ratman 1-08.jpg in Resources */,
				66DE6EA6182E9AB500C44E79 /* Ratman 2-06.jpg in Resources */,
				66DE6EA1182E9AB500C44E79 /* Ratman 2-01.jpg in Resources */,
				66DE6E90182E914500C44E79 /* Ratman 1-04.jpg in Resources */,
				66DE6E95182E914500C44E79 /* Ratman 1-09.jpg in Resources */,
				66DE6EA2182E9AB500C44E79 /* Ratman 2-02.jpg in Resources */,
				66DE6E93182E914500C44E79 /* Ratman 1-07.jpg in Resources */,
			);
			runOnlyForDeploymentPostprocessing = 0;
		};
		66DE6E6A182E86A600C44E79 /* Resources */ = {
			isa = PBXResourcesBuildPhase;
			buildActionMask = 2147483647;
			files = (
				66DE6E78182E86A600C44E79 /* InfoPlist.strings in Resources */,
			);
			runOnlyForDeploymentPostprocessing = 0;
		};
/* End PBXResourcesBuildPhase section */

/* Begin PBXSourcesBuildPhase section */
		66DE6E47182E86A500C44E79 /* Sources */ = {
			isa = PBXSourcesBuildPhase;
			buildActionMask = 2147483647;
			files = (
				66DE6E65182E86A600C44E79 /* ViewController.m in Sources */,
				66DE6E5F182E86A500C44E79 /* AppDelegate.m in Sources */,
				66DE6E5B182E86A500C44E79 /* main.m in Sources */,
			);
			runOnlyForDeploymentPostprocessing = 0;
		};
		66DE6E68182E86A600C44E79 /* Sources */ = {
			isa = PBXSourcesBuildPhase;
			buildActionMask = 2147483647;
			files = (
				66DE6E7A182E86A600C44E79 /* Day13Tests.m in Sources */,
			);
			runOnlyForDeploymentPostprocessing = 0;
		};
/* End PBXSourcesBuildPhase section */

/* Begin PBXTargetDependency section */
		66DE6E72182E86A600C44E79 /* PBXTargetDependency */ = {
			isa = PBXTargetDependency;
			target = 66DE6E4A182E86A500C44E79 /* Day13 */;
			targetProxy = 66DE6E71182E86A600C44E79 /* PBXContainerItemProxy */;
		};
/* End PBXTargetDependency section */

/* Begin PBXVariantGroup section */
		66DE6E57182E86A500C44E79 /* InfoPlist.strings */ = {
			isa = PBXVariantGroup;
			children = (
				66DE6E58182E86A500C44E79 /* en */,
			);
			name = InfoPlist.strings;
			sourceTree = "<group>";
		};
		66DE6E60182E86A500C44E79 /* Main.storyboard */ = {
			isa = PBXVariantGroup;
			children = (
				66DE6E61182E86A500C44E79 /* Base */,
			);
			name = Main.storyboard;
			sourceTree = "<group>";
		};
		66DE6E76182E86A600C44E79 /* InfoPlist.strings */ = {
			isa = PBXVariantGroup;
			children = (
				66DE6E77182E86A600C44E79 /* en */,
			);
			name = InfoPlist.strings;
			sourceTree = "<group>";
		};
/* End PBXVariantGroup section */

/* Begin XCBuildConfiguration section */
		66DE6E7B182E86A600C44E79 /* Debug */ = {
			isa = XCBuildConfiguration;
			buildSettings = {
				ALWAYS_SEARCH_USER_PATHS = NO;
				ARCHS = "$(ARCHS_STANDARD_INCLUDING_64_BIT)";
				CLANG_CXX_LANGUAGE_STANDARD = "gnu++0x";
				CLANG_CXX_LIBRARY = "libc++";
				CLANG_ENABLE_MODULES = YES;
				CLANG_ENABLE_OBJC_ARC = YES;
				CLANG_WARN_BOOL_CONVERSION = YES;
				CLANG_WARN_CONSTANT_CONVERSION = YES;
				CLANG_WARN_DIRECT_OBJC_ISA_USAGE = YES_ERROR;
				CLANG_WARN_EMPTY_BODY = YES;
				CLANG_WARN_ENUM_CONVERSION = YES;
				CLANG_WARN_INT_CONVERSION = YES;
				CLANG_WARN_OBJC_ROOT_CLASS = YES_ERROR;
				CLANG_WARN__DUPLICATE_METHOD_MATCH = YES;
				"CODE_SIGN_IDENTITY[sdk=iphoneos*]" = "iPhone Developer";
				COPY_PHASE_STRIP = NO;
				GCC_C_LANGUAGE_STANDARD = gnu99;
				GCC_DYNAMIC_NO_PIC = NO;
				GCC_OPTIMIZATION_LEVEL = 0;
				GCC_PREPROCESSOR_DEFINITIONS = (
					"DEBUG=1",
					"$(inherited)",
				);
				GCC_SYMBOLS_PRIVATE_EXTERN = NO;
				GCC_WARN_64_TO_32_BIT_CONVERSION = YES;
				GCC_WARN_ABOUT_RETURN_TYPE = YES_ERROR;
				GCC_WARN_UNDECLARED_SELECTOR = YES;
				GCC_WARN_UNINITIALIZED_AUTOS = YES;
				GCC_WARN_UNUSED_FUNCTION = YES;
				GCC_WARN_UNUSED_VARIABLE = YES;
				IPHONEOS_DEPLOYMENT_TARGET = 7.0;
				ONLY_ACTIVE_ARCH = YES;
				SDKROOT = iphoneos;
				TARGETED_DEVICE_FAMILY = 2;
			};
			name = Debug;
		};
		66DE6E7C182E86A600C44E79 /* Release */ = {
			isa = XCBuildConfiguration;
			buildSettings = {
				ALWAYS_SEARCH_USER_PATHS = NO;
				ARCHS = "$(ARCHS_STANDARD_INCLUDING_64_BIT)";
				CLANG_CXX_LANGUAGE_STANDARD = "gnu++0x";
				CLANG_CXX_LIBRARY = "libc++";
				CLANG_ENABLE_MODULES = YES;
				CLANG_ENABLE_OBJC_ARC = YES;
				CLANG_WARN_BOOL_CONVERSION = YES;
				CLANG_WARN_CONSTANT_CONVERSION = YES;
				CLANG_WARN_DIRECT_OBJC_ISA_USAGE = YES_ERROR;
				CLANG_WARN_EMPTY_BODY = YES;
				CLANG_WARN_ENUM_CONVERSION = YES;
				CLANG_WARN_INT_CONVERSION = YES;
				CLANG_WARN_OBJC_ROOT_CLASS = YES_ERROR;
				CLANG_WARN__DUPLICATE_METHOD_MATCH = YES;
				"CODE_SIGN_IDENTITY[sdk=iphoneos*]" = "iPhone Developer";
				COPY_PHASE_STRIP = YES;
				ENABLE_NS_ASSERTIONS = NO;
				GCC_C_LANGUAGE_STANDARD = gnu99;
				GCC_WARN_64_TO_32_BIT_CONVERSION = YES;
				GCC_WARN_ABOUT_RETURN_TYPE = YES_ERROR;
				GCC_WARN_UNDECLARED_SELECTOR = YES;
				GCC_WARN_UNINITIALIZED_AUTOS = YES;
				GCC_WARN_UNUSED_FUNCTION = YES;
				GCC_WARN_UNUSED_VARIABLE = YES;
				IPHONEOS_DEPLOYMENT_TARGET = 7.0;
				SDKROOT = iphoneos;
				TARGETED_DEVICE_FAMILY = 2;
				VALIDATE_PRODUCT = YES;
			};
			name = Release;
		};
		66DE6E7E182E86A600C44E79 /* Debug */ = {
			isa = XCBuildConfiguration;
			buildSettings = {
				ASSETCATALOG_COMPILER_APPICON_NAME = AppIcon;
				ASSETCATALOG_COMPILER_LAUNCHIMAGE_NAME = LaunchImage;
				GCC_PRECOMPILE_PREFIX_HEADER = YES;
				GCC_PREFIX_HEADER = "Day13/Day13-Prefix.pch";
				INFOPLIST_FILE = "Day13/Day13-Info.plist";
				PRODUCT_NAME = "$(TARGET_NAME)";
				WRAPPER_EXTENSION = app;
			};
			name = Debug;
		};
		66DE6E7F182E86A600C44E79 /* Release */ = {
			isa = XCBuildConfiguration;
			buildSettings = {
				ASSETCATALOG_COMPILER_APPICON_NAME = AppIcon;
				ASSETCATALOG_COMPILER_LAUNCHIMAGE_NAME = LaunchImage;
				GCC_PRECOMPILE_PREFIX_HEADER = YES;
				GCC_PREFIX_HEADER = "Day13/Day13-Prefix.pch";
				INFOPLIST_FILE = "Day13/Day13-Info.plist";
				PRODUCT_NAME = "$(TARGET_NAME)";
				WRAPPER_EXTENSION = app;
			};
			name = Release;
		};
		66DE6E81182E86A600C44E79 /* Debug */ = {
			isa = XCBuildConfiguration;
			buildSettings = {
				ARCHS = "$(ARCHS_STANDARD_INCLUDING_64_BIT)";
				BUNDLE_LOADER = "$(BUILT_PRODUCTS_DIR)/Day13.app/Day13";
				FRAMEWORK_SEARCH_PATHS = (
					"$(SDKROOT)/Developer/Library/Frameworks",
					"$(inherited)",
					"$(DEVELOPER_FRAMEWORKS_DIR)",
				);
				GCC_PRECOMPILE_PREFIX_HEADER = YES;
				GCC_PREFIX_HEADER = "Day13/Day13-Prefix.pch";
				GCC_PREPROCESSOR_DEFINITIONS = (
					"DEBUG=1",
					"$(inherited)",
				);
				INFOPLIST_FILE = "Day13Tests/Day13Tests-Info.plist";
				PRODUCT_NAME = "$(TARGET_NAME)";
				TEST_HOST = "$(BUNDLE_LOADER)";
				WRAPPER_EXTENSION = xctest;
			};
			name = Debug;
		};
		66DE6E82182E86A600C44E79 /* Release */ = {
			isa = XCBuildConfiguration;
			buildSettings = {
				ARCHS = "$(ARCHS_STANDARD_INCLUDING_64_BIT)";
				BUNDLE_LOADER = "$(BUILT_PRODUCTS_DIR)/Day13.app/Day13";
				FRAMEWORK_SEARCH_PATHS = (
					"$(SDKROOT)/Developer/Library/Frameworks",
					"$(inherited)",
					"$(DEVELOPER_FRAMEWORKS_DIR)",
				);
				GCC_PRECOMPILE_PREFIX_HEADER = YES;
				GCC_PREFIX_HEADER = "Day13/Day13-Prefix.pch";
				INFOPLIST_FILE = "Day13Tests/Day13Tests-Info.plist";
				PRODUCT_NAME = "$(TARGET_NAME)";
				TEST_HOST = "$(BUNDLE_LOADER)";
				WRAPPER_EXTENSION = xctest;
			};
			name = Release;
		};
/* End XCBuildConfiguration section */

/* Begin XCConfigurationList section */
		66DE6E46182E86A500C44E79 /* Build configuration list for PBXProject "Day13" */ = {
			isa = XCConfigurationList;
			buildConfigurations = (
				66DE6E7B182E86A600C44E79 /* Debug */,
				66DE6E7C182E86A600C44E79 /* Release */,
			);
			defaultConfigurationIsVisible = 0;
			defaultConfigurationName = Release;
		};
		66DE6E7D182E86A600C44E79 /* Build configuration list for PBXNativeTarget "Day13" */ = {
			isa = XCConfigurationList;
			buildConfigurations = (
				66DE6E7E182E86A600C44E79 /* Debug */,
				66DE6E7F182E86A600C44E79 /* Release */,
			);
			defaultConfigurationIsVisible = 0;
			defaultConfigurationName = Release;
		};
		66DE6E80182E86A600C44E79 /* Build configuration list for PBXNativeTarget "Day13Tests" */ = {
			isa = XCConfigurationList;
			buildConfigurations = (
				66DE6E81182E86A600C44E79 /* Debug */,
				66DE6E82182E86A600C44E79 /* Release */,
			);
			defaultConfigurationIsVisible = 0;
			defaultConfigurationName = Release;
		};
/* End XCConfigurationList section */
	};
	rootObject = 66DE6E43182E86A500C44E79 /* Project object */;
}
